name: "Auto Update flake.lock"
on:
  workflow_dispatch: # allows manual triggering
  pull_request: # triggers on every Pull Request
  schedule:
    - cron: "0 0 * * 1,4" # Run twice a week

jobs:
  lockfile:
    runs-on: ubuntu-latest
    steps:
      - name: Checkout repository
        uses: actions/checkout@v4

      - name: Install Determinate Nix
        uses: DeterminateSystems/determinate-nix-action@v3

      - name: Update flake.lock
        if: ${{ github.event_name != 'pull_request' }}
        id: create-pull-request
        uses: DeterminateSystems/update-flake-lock@main
        with:
          pr-title: "Auto Update(flake.lock)" # Title of PR to be created
          pr-labels: | # Labels to be set on the PR
            dependencies
            automated
          path-to-flake-dir: "."
          token: ${{ secrets.GH_TOKEN_FOR_UPDATES }}
          git-author-name: MiyakoMeow Bot Author
          git-author-email: github-actions[bot]@users.noreply.github.com
          git-committer-name: MiyakoMeow Bot Committer
          git-committer-email: github-actions[bot]@users.noreply.github.com

      - name: Enable Pull Request Automerge
        if: steps.create-pull-request.outputs.pull-request-operation == 'created'
        uses: peter-evans/enable-pull-request-automerge@v3
        with:
          token: ${{ secrets.AUTOMERGE_TOKEN }}
          pull-request-number: ${{ steps.create-pull-request.outputs.pull-request-number }}
          merge-method: squash
